
Microsoft Visual Studio Solution File, Format Version 12.00
# Visual Studio Version 17
VisualStudioVersion = 17.7.34221.43
MinimumVisualStudioVersion = 10.0.40219.1
Project("{FAE04EC0-301F-11D3-BF4B-00C04F79EFBC}") = "GitDemoApp", "GitDemoApp\GitDemoApp.csproj", "{AA9B26BC-EF24-4D57-8065-29780363BEDE}"
EndProject
Global
	GlobalSection(SolutionConfigurationPlatforms) = preSolution
		Debug|Any CPU = Debug|Any CPU
		Release|Any CPU = Release|Any CPU
	EndGlobalSection
	GlobalSection(ProjectConfigurationPlatforms) = postSolution
		{AA9B26BC-EF24-4D57-8065-29780363BEDE}.Debug|Any CPU.ActiveCfg = Debug|Any CPU
		{AA9B26BC-EF24-4D57-8065-29780363BEDE}.Debug|Any CPU.Build.0 = Debug|Any CPU
		{AA9B26BC-EF24-4D57-8065-29780363BEDE}.Release|Any CPU.ActiveCfg = Release|Any CPU
		{AA9B26BC-EF24-4D57-8065-29780363BEDE}.Release|Any CPU.Build.0 = Release|Any CPU
	EndGlobalSection
	GlobalSection(SolutionProperties) = preSolution
		HideSolutionNode = FALSE
	EndGlobalSection
	GlobalSection(ExtensibilityGlobals) = postSolution
		SolutionGuid = {153A4C3A-300B-4AB0-A616-5FE09C41CA6C}
	EndGlobalSection
EndGlobal
